
Microsoft Visual Studio Solution File, Format Version 12.00
# Visual Studio Version 17
VisualStudioVersion = 17.13.35806.99 d17.13
MinimumVisualStudioVersion = 10.0.40219.1
Project("{FAE04EC0-301F-11D3-BF4B-00C04F79EFBC}") = "HautsPermits_Biotech", "HautsPermits_Biotech.csproj", "{8E7D8F34-C7A8-41A3-8BCB-AE66A7BBA105}"
EndProject
Global
	GlobalSection(SolutionConfigurationPlatforms) = preSolution
		Debug|Any CPU = Debug|Any CPU
		Release|Any CPU = Release|Any CPU
	EndGlobalSection
	GlobalSection(ProjectConfigurationPlatforms) = postSolution
		{8E7D8F34-C7A8-41A3-8BCB-AE66A7BBA105}.Debug|Any CPU.ActiveCfg = Debug|Any CPU
		{8E7D8F34-C7A8-41A3-8BCB-AE66A7BBA105}.Debug|Any CPU.Build.0 = Debug|Any CPU
		{8E7D8F34-C7A8-41A3-8BCB-AE66A7BBA105}.Release|Any CPU.ActiveCfg = Release|Any CPU
		{8E7D8F34-C7A8-41A3-8BCB-AE66A7BBA105}.Release|Any CPU.Build.0 = Release|Any CPU
	EndGlobalSection
	GlobalSection(SolutionProperties) = preSolution
		HideSolutionNode = FALSE
	EndGlobalSection
	GlobalSection(ExtensibilityGlobals) = postSolution
		SolutionGuid = {B59E9DE1-3E1D-4698-8B82-BDD3659EFF1F}
	EndGlobalSection
EndGlobal
